
Microsoft Visual Studio Solution File, Format Version 12.00
# Visual Studio Version 17
VisualStudioVersion = 17.3.32901.215
MinimumVisualStudioVersion = 10.0.40219.1
Project("{FAE04EC0-301F-11D3-BF4B-00C04F79EFBC}") = "hotel_management", "hotel_management\hotel_management.csproj", "{C02A9408-7E05-4D6B-9882-3CBE1B0CDA41}"
EndProject
Global
	GlobalSection(SolutionConfigurationPlatforms) = preSolution
		Debug|Any CPU = Debug|Any CPU
		Release|Any CPU = Release|Any CPU
	EndGlobalSection
	GlobalSection(ProjectConfigurationPlatforms) = postSolution
		{C02A9408-7E05-4D6B-9882-3CBE1B0CDA41}.Debug|Any CPU.ActiveCfg = Debug|Any CPU
		{C02A9408-7E05-4D6B-9882-3CBE1B0CDA41}.Debug|Any CPU.Build.0 = Debug|Any CPU
		{C02A9408-7E05-4D6B-9882-3CBE1B0CDA41}.Release|Any CPU.ActiveCfg = Release|Any CPU
		{C02A9408-7E05-4D6B-9882-3CBE1B0CDA41}.Release|Any CPU.Build.0 = Release|Any CPU
	EndGlobalSection
	GlobalSection(SolutionProperties) = preSolution
		HideSolutionNode = FALSE
	EndGlobalSection
	GlobalSection(ExtensibilityGlobals) = postSolution
		SolutionGuid = {6CC8AD0F-6BED-44B0-9889-7847EE330541}
	EndGlobalSection
EndGlobal
